// !$*UTF8*$!
{
	archiveVersion = 1;
	classes = {
	};
	objectVersion = 56;
	objects = {

/* Begin PBXBuildFile section */
		B06153BA2A5DEC3300C4ABAA /* CustomViews.swift in Sources */ = {isa = PBXBuildFile; fileRef = B06153B92A5DEC3300C4ABAA /* CustomViews.swift */; };
		B06153BC2A5DFC4100C4ABAA /* SignInView.swift in Sources */ = {isa = PBXBuildFile; fileRef = B06153BB2A5DFC4100C4ABAA /* SignInView.swift */; };
		B06153BE2A5DFD6E00C4ABAA /* WelcomeScreen.swift in Sources */ = {isa = PBXBuildFile; fileRef = B06153BD2A5DFD6E00C4ABAA /* WelcomeScreen.swift */; };
		B06153C12A5F490200C4ABAA /* Moya in Frameworks */ = {isa = PBXBuildFile; productRef = B06153C02A5F490200C4ABAA /* Moya */; };
		B06153C92A6094FB00C4ABAA /* TestViewModel.swift in Sources */ = {isa = PBXBuildFile; fileRef = B06153C82A6094FB00C4ABAA /* TestViewModel.swift */; };
		B06153CB2A609B0F00C4ABAA /* Advice.swift in Sources */ = {isa = PBXBuildFile; fileRef = B06153CA2A609B0F00C4ABAA /* Advice.swift */; };
		B06153CF2A61A21B00C4ABAA /* RecommendationView.swift in Sources */ = {isa = PBXBuildFile; fileRef = B06153CE2A61A21B00C4ABAA /* RecommendationView.swift */; };
		B06A60232A5C086F00302DA3 /* n__demoDayApp.swift in Sources */ = {isa = PBXBuildFile; fileRef = B06A60222A5C086F00302DA3 /* n__demoDayApp.swift */; };
		B06A60252A5C086F00302DA3 /* ContentView.swift in Sources */ = {isa = PBXBuildFile; fileRef = B06A60242A5C086F00302DA3 /* ContentView.swift */; };
		B06A602A2A5C087000302DA3 /* Preview Assets.xcassets in Resources */ = {isa = PBXBuildFile; fileRef = B06A60292A5C087000302DA3 /* Preview Assets.xcassets */; };
		B06A60312A5C08FF00302DA3 /* LogInView.swift in Sources */ = {isa = PBXBuildFile; fileRef = B06A60302A5C08FF00302DA3 /* LogInView.swift */; };
		B06A60332A5C0A6900302DA3 /* LogInVIewModel.swift in Sources */ = {isa = PBXBuildFile; fileRef = B06A60322A5C0A6900302DA3 /* LogInVIewModel.swift */; };
		B06A60372A5C0B0A00302DA3 /* MoyaManager.swift in Sources */ = {isa = PBXBuildFile; fileRef = B06A60362A5C0B0A00302DA3 /* MoyaManager.swift */; };
		B06A603C2A5C48B900302DA3 /* MainView.swift in Sources */ = {isa = PBXBuildFile; fileRef = B06A603B2A5C48B900302DA3 /* MainView.swift */; };
		B06A603F2A5C48DB00302DA3 /* FSCalendar in Frameworks */ = {isa = PBXBuildFile; productRef = B06A603E2A5C48DB00302DA3 /* FSCalendar */; };
		B06A60412A5C48EC00302DA3 /* TestView.swift in Sources */ = {isa = PBXBuildFile; fileRef = B06A60402A5C48EB00302DA3 /* TestView.swift */; };
		B06A60432A5C491400302DA3 /* AppointmentView.swift in Sources */ = {isa = PBXBuildFile; fileRef = B06A60422A5C491400302DA3 /* AppointmentView.swift */; };
		B06A60452A5C494500302DA3 /* SettingsView.swift in Sources */ = {isa = PBXBuildFile; fileRef = B06A60442A5C494500302DA3 /* SettingsView.swift */; };
		B092998B2A7104C20030601B /* View.swift in Sources */ = {isa = PBXBuildFile; fileRef = B092998A2A7104C20030601B /* View.swift */; };
		B092998D2A71C10F0030601B /* ForgotPasswordView.swift in Sources */ = {isa = PBXBuildFile; fileRef = B092998C2A71C10F0030601B /* ForgotPasswordView.swift */; };
		B092998F2A7701CB0030601B /* Habit.swift in Sources */ = {isa = PBXBuildFile; fileRef = B092998E2A7701CB0030601B /* Habit.swift */; };
		B09299912A78C06E0030601B /* ExpandableView.swift in Sources */ = {isa = PBXBuildFile; fileRef = B09299902A78C06E0030601B /* ExpandableView.swift */; };
		B09299932A79B5190030601B /* AppInfoSettingsView.swift in Sources */ = {isa = PBXBuildFile; fileRef = B09299922A79B5190030601B /* AppInfoSettingsView.swift */; };
		B0AFBE6E2A7A26C400376A1D /* ForgotPasswordViewModel.swift in Sources */ = {isa = PBXBuildFile; fileRef = B0AFBE6D2A7A26C400376A1D /* ForgotPasswordViewModel.swift */; };
		B0E96BA52A65E29A00A7F49B /* AccountSettingsView.swift in Sources */ = {isa = PBXBuildFile; fileRef = B0E96BA42A65E29A00A7F49B /* AccountSettingsView.swift */; };
		B0E96BA72A65E2B200A7F49B /* HabitSettingsView.swift in Sources */ = {isa = PBXBuildFile; fileRef = B0E96BA62A65E2B200A7F49B /* HabitSettingsView.swift */; };
		B0E96BA92A65E30D00A7F49B /* TestHistorySettingsView.swift in Sources */ = {isa = PBXBuildFile; fileRef = B0E96BA82A65E30D00A7F49B /* TestHistorySettingsView.swift */; };
		B0E96BAB2A66973300A7F49B /* MainViewModel.swift in Sources */ = {isa = PBXBuildFile; fileRef = B0E96BAA2A66973300A7F49B /* MainViewModel.swift */; };
		B0E96BAE2A66EF7200A7F49B /* Validator.swift in Sources */ = {isa = PBXBuildFile; fileRef = B0E96BAD2A66EF7200A7F49B /* Validator.swift */; };
		B0E96BB02A67042400A7F49B /* SignInViewModel.swift in Sources */ = {isa = PBXBuildFile; fileRef = B0E96BAF2A67042400A7F49B /* SignInViewModel.swift */; };
		B0E96BB22A67366200A7F49B /* AppointmentViewModel.swift in Sources */ = {isa = PBXBuildFile; fileRef = B0E96BB12A67366200A7F49B /* AppointmentViewModel.swift */; };
		B0E96BB42A674FDF00A7F49B /* SettingsViewModel.swift in Sources */ = {isa = PBXBuildFile; fileRef = B0E96BB32A674FDF00A7F49B /* SettingsViewModel.swift */; };
		B0F21CF72A6D063400C37B5A /* DoctorDetailsView.swift in Sources */ = {isa = PBXBuildFile; fileRef = B0F21CF62A6D063400C37B5A /* DoctorDetailsView.swift */; };
		B0F21CF92A6D166600C37B5A /* DoctorModel.swift in Sources */ = {isa = PBXBuildFile; fileRef = B0F21CF82A6D166600C37B5A /* DoctorModel.swift */; };
		B0F21CFB2A6D169D00C37B5A /* TestModel.swift in Sources */ = {isa = PBXBuildFile; fileRef = B0F21CFA2A6D169D00C37B5A /* TestModel.swift */; };
		B0F21CFD2A6D16C500C37B5A /* RecommendationModel.swift in Sources */ = {isa = PBXBuildFile; fileRef = B0F21CFC2A6D16C500C37B5A /* RecommendationModel.swift */; };
		B0F21D042A6D4CD800C37B5A /* UserDefaults.swift in Sources */ = {isa = PBXBuildFile; fileRef = B0F21D032A6D4CD800C37B5A /* UserDefaults.swift */; };
		B0F21D062A6D54F300C37B5A /* TestConformationView.swift in Sources */ = {isa = PBXBuildFile; fileRef = B0F21D052A6D54F300C37B5A /* TestConformationView.swift */; };
		B0F21D082A6D979300C37B5A /* AppState.swift in Sources */ = {isa = PBXBuildFile; fileRef = B0F21D072A6D979300C37B5A /* AppState.swift */; };
		B0F21D0A2A6D987D00C37B5A /* RootView.swift in Sources */ = {isa = PBXBuildFile; fileRef = B0F21D092A6D987D00C37B5A /* RootView.swift */; };
		B0F21D0C2A6DCBE700C37B5A /* SystemColors.swift in Sources */ = {isa = PBXBuildFile; fileRef = B0F21D0B2A6DCBE700C37B5A /* SystemColors.swift */; };
		B0F21D0E2A6E603200C37B5A /* TestButtonView.swift in Sources */ = {isa = PBXBuildFile; fileRef = B0F21D0D2A6E603200C37B5A /* TestButtonView.swift */; };
		B0F21D102A6E7EE000C37B5A /* Assets.xcassets in Resources */ = {isa = PBXBuildFile; fileRef = B0F21D0F2A6E7EE000C37B5A /* Assets.xcassets */; };
		B0FB748E2A6970CC001FCCCC /* User .swift in Sources */ = {isa = PBXBuildFile; fileRef = B0FB748D2A6970CC001FCCCC /* User .swift */; };
		B0FB74902A69731C001FCCCC /* UserInfoView.swift in Sources */ = {isa = PBXBuildFile; fileRef = B0FB748F2A69731C001FCCCC /* UserInfoView.swift */; };
/* End PBXBuildFile section */

/* Begin PBXFileReference section */
		B06153B92A5DEC3300C4ABAA /* CustomViews.swift */ = {isa = PBXFileReference; lastKnownFileType = sourcecode.swift; path = CustomViews.swift; sourceTree = "<group>"; };
		B06153BB2A5DFC4100C4ABAA /* SignInView.swift */ = {isa = PBXFileReference; lastKnownFileType = sourcecode.swift; path = SignInView.swift; sourceTree = "<group>"; };
		B06153BD2A5DFD6E00C4ABAA /* WelcomeScreen.swift */ = {isa = PBXFileReference; lastKnownFileType = sourcecode.swift; path = WelcomeScreen.swift; sourceTree = "<group>"; };
		B06153C82A6094FB00C4ABAA /* TestViewModel.swift */ = {isa = PBXFileReference; lastKnownFileType = sourcecode.swift; path = TestViewModel.swift; sourceTree = "<group>"; };
		B06153CA2A609B0F00C4ABAA /* Advice.swift */ = {isa = PBXFileReference; lastKnownFileType = sourcecode.swift; path = Advice.swift; sourceTree = "<group>"; };
		B06153CE2A61A21B00C4ABAA /* RecommendationView.swift */ = {isa = PBXFileReference; lastKnownFileType = sourcecode.swift; path = RecommendationView.swift; sourceTree = "<group>"; };
		B06A601F2A5C086F00302DA3 /* n!_demoDay.app */ = {isa = PBXFileReference; explicitFileType = wrapper.application; includeInIndex = 0; path = "n!_demoDay.app"; sourceTree = BUILT_PRODUCTS_DIR; };
		B06A60222A5C086F00302DA3 /* n__demoDayApp.swift */ = {isa = PBXFileReference; lastKnownFileType = sourcecode.swift; path = n__demoDayApp.swift; sourceTree = "<group>"; };
		B06A60242A5C086F00302DA3 /* ContentView.swift */ = {isa = PBXFileReference; lastKnownFileType = sourcecode.swift; path = ContentView.swift; sourceTree = "<group>"; };
		B06A60292A5C087000302DA3 /* Preview Assets.xcassets */ = {isa = PBXFileReference; lastKnownFileType = folder.assetcatalog; path = "Preview Assets.xcassets"; sourceTree = "<group>"; };
		B06A60302A5C08FF00302DA3 /* LogInView.swift */ = {isa = PBXFileReference; lastKnownFileType = sourcecode.swift; path = LogInView.swift; sourceTree = "<group>"; };
		B06A60322A5C0A6900302DA3 /* LogInVIewModel.swift */ = {isa = PBXFileReference; lastKnownFileType = sourcecode.swift; path = LogInVIewModel.swift; sourceTree = "<group>"; };
		B06A60362A5C0B0A00302DA3 /* MoyaManager.swift */ = {isa = PBXFileReference; lastKnownFileType = sourcecode.swift; path = MoyaManager.swift; sourceTree = "<group>"; };
		B06A603B2A5C48B900302DA3 /* MainView.swift */ = {isa = PBXFileReference; lastKnownFileType = sourcecode.swift; path = MainView.swift; sourceTree = "<group>"; };
		B06A60402A5C48EB00302DA3 /* TestView.swift */ = {isa = PBXFileReference; lastKnownFileType = sourcecode.swift; path = TestView.swift; sourceTree = "<group>"; };
		B06A60422A5C491400302DA3 /* AppointmentView.swift */ = {isa = PBXFileReference; lastKnownFileType = sourcecode.swift; path = AppointmentView.swift; sourceTree = "<group>"; };
		B06A60442A5C494500302DA3 /* SettingsView.swift */ = {isa = PBXFileReference; lastKnownFileType = sourcecode.swift; path = SettingsView.swift; sourceTree = "<group>"; };
		B092998A2A7104C20030601B /* View.swift */ = {isa = PBXFileReference; lastKnownFileType = sourcecode.swift; path = View.swift; sourceTree = "<group>"; };
		B092998C2A71C10F0030601B /* ForgotPasswordView.swift */ = {isa = PBXFileReference; lastKnownFileType = sourcecode.swift; path = ForgotPasswordView.swift; sourceTree = "<group>"; };
		B092998E2A7701CB0030601B /* Habit.swift */ = {isa = PBXFileReference; lastKnownFileType = sourcecode.swift; path = Habit.swift; sourceTree = "<group>"; };
		B09299902A78C06E0030601B /* ExpandableView.swift */ = {isa = PBXFileReference; lastKnownFileType = sourcecode.swift; path = ExpandableView.swift; sourceTree = "<group>"; };
		B09299922A79B5190030601B /* AppInfoSettingsView.swift */ = {isa = PBXFileReference; lastKnownFileType = sourcecode.swift; path = AppInfoSettingsView.swift; sourceTree = "<group>"; };
		B0AFBE6D2A7A26C400376A1D /* ForgotPasswordViewModel.swift */ = {isa = PBXFileReference; lastKnownFileType = sourcecode.swift; path = ForgotPasswordViewModel.swift; sourceTree = "<group>"; };
		B0E96BA42A65E29A00A7F49B /* AccountSettingsView.swift */ = {isa = PBXFileReference; lastKnownFileType = sourcecode.swift; path = AccountSettingsView.swift; sourceTree = "<group>"; };
		B0E96BA62A65E2B200A7F49B /* HabitSettingsView.swift */ = {isa = PBXFileReference; lastKnownFileType = sourcecode.swift; path = HabitSettingsView.swift; sourceTree = "<group>"; };
		B0E96BA82A65E30D00A7F49B /* TestHistorySettingsView.swift */ = {isa = PBXFileReference; lastKnownFileType = sourcecode.swift; path = TestHistorySettingsView.swift; sourceTree = "<group>"; };
		B0E96BAA2A66973300A7F49B /* MainViewModel.swift */ = {isa = PBXFileReference; lastKnownFileType = sourcecode.swift; path = MainViewModel.swift; sourceTree = "<group>"; };
		B0E96BAD2A66EF7200A7F49B /* Validator.swift */ = {isa = PBXFileReference; lastKnownFileType = sourcecode.swift; path = Validator.swift; sourceTree = "<group>"; };
		B0E96BAF2A67042400A7F49B /* SignInViewModel.swift */ = {isa = PBXFileReference; lastKnownFileType = sourcecode.swift; path = SignInViewModel.swift; sourceTree = "<group>"; };
		B0E96BB12A67366200A7F49B /* AppointmentViewModel.swift */ = {isa = PBXFileReference; lastKnownFileType = sourcecode.swift; path = AppointmentViewModel.swift; sourceTree = "<group>"; };
		B0E96BB32A674FDF00A7F49B /* SettingsViewModel.swift */ = {isa = PBXFileReference; lastKnownFileType = sourcecode.swift; path = SettingsViewModel.swift; sourceTree = "<group>"; };
		B0F21CF62A6D063400C37B5A /* DoctorDetailsView.swift */ = {isa = PBXFileReference; lastKnownFileType = sourcecode.swift; path = DoctorDetailsView.swift; sourceTree = "<group>"; };
		B0F21CF82A6D166600C37B5A /* DoctorModel.swift */ = {isa = PBXFileReference; lastKnownFileType = sourcecode.swift; path = DoctorModel.swift; sourceTree = "<group>"; };
		B0F21CFA2A6D169D00C37B5A /* TestModel.swift */ = {isa = PBXFileReference; lastKnownFileType = sourcecode.swift; path = TestModel.swift; sourceTree = "<group>"; };
		B0F21CFC2A6D16C500C37B5A /* RecommendationModel.swift */ = {isa = PBXFileReference; lastKnownFileType = sourcecode.swift; path = RecommendationModel.swift; sourceTree = "<group>"; };
		B0F21D032A6D4CD800C37B5A /* UserDefaults.swift */ = {isa = PBXFileReference; lastKnownFileType = sourcecode.swift; path = UserDefaults.swift; sourceTree = "<group>"; };
		B0F21D052A6D54F300C37B5A /* TestConformationView.swift */ = {isa = PBXFileReference; lastKnownFileType = sourcecode.swift; path = TestConformationView.swift; sourceTree = "<group>"; };
		B0F21D072A6D979300C37B5A /* AppState.swift */ = {isa = PBXFileReference; lastKnownFileType = sourcecode.swift; path = AppState.swift; sourceTree = "<group>"; };
		B0F21D092A6D987D00C37B5A /* RootView.swift */ = {isa = PBXFileReference; lastKnownFileType = sourcecode.swift; path = RootView.swift; sourceTree = "<group>"; };
		B0F21D0B2A6DCBE700C37B5A /* SystemColors.swift */ = {isa = PBXFileReference; lastKnownFileType = sourcecode.swift; path = SystemColors.swift; sourceTree = "<group>"; };
		B0F21D0D2A6E603200C37B5A /* TestButtonView.swift */ = {isa = PBXFileReference; lastKnownFileType = sourcecode.swift; path = TestButtonView.swift; sourceTree = "<group>"; };
		B0F21D0F2A6E7EE000C37B5A /* Assets.xcassets */ = {isa = PBXFileReference; lastKnownFileType = folder.assetcatalog; path = Assets.xcassets; sourceTree = "<group>"; };
		B0FB748D2A6970CC001FCCCC /* User .swift */ = {isa = PBXFileReference; lastKnownFileType = sourcecode.swift; path = "User .swift"; sourceTree = "<group>"; };
		B0FB748F2A69731C001FCCCC /* UserInfoView.swift */ = {isa = PBXFileReference; lastKnownFileType = sourcecode.swift; path = UserInfoView.swift; sourceTree = "<group>"; };
/* End PBXFileReference section */

/* Begin PBXFrameworksBuildPhase section */
		B06A601C2A5C086F00302DA3 /* Frameworks */ = {
			isa = PBXFrameworksBuildPhase;
			buildActionMask = 2147483647;
			files = (
				B06153C12A5F490200C4ABAA /* Moya in Frameworks */,
				B06A603F2A5C48DB00302DA3 /* FSCalendar in Frameworks */,
			);
			runOnlyForDeploymentPostprocessing = 0;
		};
/* End PBXFrameworksBuildPhase section */

/* Begin PBXGroup section */
		B06153C72A6094CA00C4ABAA /* LogIn */ = {
			isa = PBXGroup;
			children = (
				B06A60302A5C08FF00302DA3 /* LogInView.swift */,
				B092998C2A71C10F0030601B /* ForgotPasswordView.swift */,
				B06A60322A5C0A6900302DA3 /* LogInVIewModel.swift */,
				B0AFBE6D2A7A26C400376A1D /* ForgotPasswordViewModel.swift */,
			);
			path = LogIn;
			sourceTree = "<group>";
		};
		B06A60162A5C086F00302DA3 = {
			isa = PBXGroup;
			children = (
				B06A60212A5C086F00302DA3 /* n!_demoDay */,
				B0F21D0F2A6E7EE000C37B5A /* Assets.xcassets */,
				B06A60202A5C086F00302DA3 /* Products */,
			);
			sourceTree = "<group>";
		};
		B06A60202A5C086F00302DA3 /* Products */ = {
			isa = PBXGroup;
			children = (
				B06A601F2A5C086F00302DA3 /* n!_demoDay.app */,
			);
			name = Products;
			sourceTree = "<group>";
		};
		B06A60212A5C086F00302DA3 /* n!_demoDay */ = {
			isa = PBXGroup;
			children = (
				B06A60222A5C086F00302DA3 /* n__demoDayApp.swift */,
				B06A60462A5C49EA00302DA3 /* Welocme Screens  */,
				B06A60472A5C4A5B00302DA3 /* MainScreens */,
				B0F21D012A6D189300C37B5A /* Models */,
				B0F21D022A6D18E100C37B5A /* Helpers */,
				B06A60282A5C087000302DA3 /* Preview Content */,
			);
			path = "n!_demoDay";
			sourceTree = "<group>";
		};
		B06A60282A5C087000302DA3 /* Preview Content */ = {
			isa = PBXGroup;
			children = (
				B06A60292A5C087000302DA3 /* Preview Assets.xcassets */,
			);
			path = "Preview Content";
			sourceTree = "<group>";
		};
		B06A60462A5C49EA00302DA3 /* Welocme Screens  */ = {
			isa = PBXGroup;
			children = (
				B06153BD2A5DFD6E00C4ABAA /* WelcomeScreen.swift */,
				B0FB748F2A69731C001FCCCC /* UserInfoView.swift */,
				B06153C72A6094CA00C4ABAA /* LogIn */,
				B0E96BAC2A66EE3000A7F49B /* SignIn */,
			);
			path = "Welocme Screens ";
			sourceTree = "<group>";
		};
		B06A60472A5C4A5B00302DA3 /* MainScreens */ = {
			isa = PBXGroup;
			children = (
				B06A60242A5C086F00302DA3 /* ContentView.swift */,
				B0F21D092A6D987D00C37B5A /* RootView.swift */,
				B06A60482A5C4AA400302DA3 /* MainView */,
				B0F21D002A6D185E00C37B5A /* AppointmentView */,
				B0E96BA32A65E23A00A7F49B /* SettingsView */,
			);
			path = MainScreens;
			sourceTree = "<group>";
		};
		B06A60482A5C4AA400302DA3 /* MainView */ = {
			isa = PBXGroup;
			children = (
				B06A603B2A5C48B900302DA3 /* MainView.swift */,
				B0F21D052A6D54F300C37B5A /* TestConformationView.swift */,
				B0F21D0D2A6E603200C37B5A /* TestButtonView.swift */,
				B0E96BAA2A66973300A7F49B /* MainViewModel.swift */,
				B0F21CFE2A6D182100C37B5A /* TestView */,
			);
			path = MainView;
			sourceTree = "<group>";
		};
		B0E96BA32A65E23A00A7F49B /* SettingsView */ = {
			isa = PBXGroup;
			children = (
				B06A60442A5C494500302DA3 /* SettingsView.swift */,
				B0E96BA82A65E30D00A7F49B /* TestHistorySettingsView.swift */,
				B0E96BA42A65E29A00A7F49B /* AccountSettingsView.swift */,
				B0E96BA62A65E2B200A7F49B /* HabitSettingsView.swift */,
				B09299922A79B5190030601B /* AppInfoSettingsView.swift */,
				B0E96BB32A674FDF00A7F49B /* SettingsViewModel.swift */,
			);
			path = SettingsView;
			sourceTree = "<group>";
		};
		B0E96BAC2A66EE3000A7F49B /* SignIn */ = {
			isa = PBXGroup;
			children = (
				B06153BB2A5DFC4100C4ABAA /* SignInView.swift */,
				B0E96BAF2A67042400A7F49B /* SignInViewModel.swift */,
			);
			path = SignIn;
			sourceTree = "<group>";
		};
		B0F21CFE2A6D182100C37B5A /* TestView */ = {
			isa = PBXGroup;
			children = (
				B06A60402A5C48EB00302DA3 /* TestView.swift */,
				B06153C82A6094FB00C4ABAA /* TestViewModel.swift */,
				B06153CE2A61A21B00C4ABAA /* RecommendationView.swift */,
				B09299902A78C06E0030601B /* ExpandableView.swift */,
			);
			path = TestView;
			sourceTree = "<group>";
		};
		B0F21D002A6D185E00C37B5A /* AppointmentView */ = {
			isa = PBXGroup;
			children = (
				B06A60422A5C491400302DA3 /* AppointmentView.swift */,
				B0F21CF62A6D063400C37B5A /* DoctorDetailsView.swift */,
				B0E96BB12A67366200A7F49B /* AppointmentViewModel.swift */,
			);
			path = AppointmentView;
			sourceTree = "<group>";
		};
		B0F21D012A6D189300C37B5A /* Models */ = {
			isa = PBXGroup;
			children = (
				B0FB748D2A6970CC001FCCCC /* User .swift */,
				B0F21CFA2A6D169D00C37B5A /* TestModel.swift */,
				B0F21CFC2A6D16C500C37B5A /* RecommendationModel.swift */,
				B0F21CF82A6D166600C37B5A /* DoctorModel.swift */,
				B06153CA2A609B0F00C4ABAA /* Advice.swift */,
				B0F21D032A6D4CD800C37B5A /* UserDefaults.swift */,
				B092998E2A7701CB0030601B /* Habit.swift */,
			);
			path = Models;
			sourceTree = "<group>";
		};
		B0F21D022A6D18E100C37B5A /* Helpers */ = {
			isa = PBXGroup;
			children = (
				B06A60362A5C0B0A00302DA3 /* MoyaManager.swift */,
				B06153B92A5DEC3300C4ABAA /* CustomViews.swift */,
				B0E96BAD2A66EF7200A7F49B /* Validator.swift */,
				B0F21D072A6D979300C37B5A /* AppState.swift */,
				B0F21D0B2A6DCBE700C37B5A /* SystemColors.swift */,
				B092998A2A7104C20030601B /* View.swift */,
			);
			path = Helpers;
			sourceTree = "<group>";
		};
/* End PBXGroup section */

/* Begin PBXNativeTarget section */
		B06A601E2A5C086F00302DA3 /* n!_demoDay */ = {
			isa = PBXNativeTarget;
			buildConfigurationList = B06A602D2A5C087000302DA3 /* Build configuration list for PBXNativeTarget "n!_demoDay" */;
			buildPhases = (
				B06A601B2A5C086F00302DA3 /* Sources */,
				B06A601C2A5C086F00302DA3 /* Frameworks */,
				B06A601D2A5C086F00302DA3 /* Resources */,
			);
			buildRules = (
			);
			dependencies = (
			);
			name = "n!_demoDay";
			packageProductDependencies = (
				B06A603E2A5C48DB00302DA3 /* FSCalendar */,
				B06153C02A5F490200C4ABAA /* Moya */,
			);
			productName = "n!_demoDay";
			productReference = B06A601F2A5C086F00302DA3 /* n!_demoDay.app */;
			productType = "com.apple.product-type.application";
		};
/* End PBXNativeTarget section */

/* Begin PBXProject section */
		B06A60172A5C086F00302DA3 /* Project object */ = {
			isa = PBXProject;
			attributes = {
				BuildIndependentTargetsInParallel = 1;
				LastSwiftUpdateCheck = 1430;
				LastUpgradeCheck = 1430;
				TargetAttributes = {
					B06A601E2A5C086F00302DA3 = {
						CreatedOnToolsVersion = 14.3.1;
					};
				};
			};
			buildConfigurationList = B06A601A2A5C086F00302DA3 /* Build configuration list for PBXProject "n!_demoDay" */;
			compatibilityVersion = "Xcode 14.0";
			developmentRegion = en;
			hasScannedForEncodings = 0;
			knownRegions = (
				en,
				Base,
			);
			mainGroup = B06A60162A5C086F00302DA3;
			packageReferences = (
				B06A603D2A5C48DB00302DA3 /* XCRemoteSwiftPackageReference "FSCalendar" */,
				B06153BF2A5F490200C4ABAA /* XCRemoteSwiftPackageReference "Moya" */,
			);
			productRefGroup = B06A60202A5C086F00302DA3 /* Products */;
			projectDirPath = "";
			projectRoot = "";
			targets = (
				B06A601E2A5C086F00302DA3 /* n!_demoDay */,
			);
		};
/* End PBXProject section */

/* Begin PBXResourcesBuildPhase section */
		B06A601D2A5C086F00302DA3 /* Resources */ = {
			isa = PBXResourcesBuildPhase;
			buildActionMask = 2147483647;
			files = (
				B0F21D102A6E7EE000C37B5A /* Assets.xcassets in Resources */,
				B06A602A2A5C087000302DA3 /* Preview Assets.xcassets in Resources */,
			);
			runOnlyForDeploymentPostprocessing = 0;
		};
/* End PBXResourcesBuildPhase section */

/* Begin PBXSourcesBuildPhase section */
		B06A601B2A5C086F00302DA3 /* Sources */ = {
			isa = PBXSourcesBuildPhase;
			buildActionMask = 2147483647;
			files = (
				B06153CB2A609B0F00C4ABAA /* Advice.swift in Sources */,
				B0E96BB42A674FDF00A7F49B /* SettingsViewModel.swift in Sources */,
				B06A60412A5C48EC00302DA3 /* TestView.swift in Sources */,
				B0F21CFB2A6D169D00C37B5A /* TestModel.swift in Sources */,
				B0E96BB22A67366200A7F49B /* AppointmentViewModel.swift in Sources */,
				B06A60372A5C0B0A00302DA3 /* MoyaManager.swift in Sources */,
				B06153CF2A61A21B00C4ABAA /* RecommendationView.swift in Sources */,
				B06153C92A6094FB00C4ABAA /* TestViewModel.swift in Sources */,
				B0AFBE6E2A7A26C400376A1D /* ForgotPasswordViewModel.swift in Sources */,
				B0F21D0E2A6E603200C37B5A /* TestButtonView.swift in Sources */,
				B06A60432A5C491400302DA3 /* AppointmentView.swift in Sources */,
				B0F21CF72A6D063400C37B5A /* DoctorDetailsView.swift in Sources */,
				B06A60452A5C494500302DA3 /* SettingsView.swift in Sources */,
				B0F21D082A6D979300C37B5A /* AppState.swift in Sources */,
				B09299932A79B5190030601B /* AppInfoSettingsView.swift in Sources */,
				B06A603C2A5C48B900302DA3 /* MainView.swift in Sources */,
				B0E96BB02A67042400A7F49B /* SignInViewModel.swift in Sources */,
				B06A60252A5C086F00302DA3 /* ContentView.swift in Sources */,
				B06153BE2A5DFD6E00C4ABAA /* WelcomeScreen.swift in Sources */,
				B0FB748E2A6970CC001FCCCC /* User .swift in Sources */,
				B0FB74902A69731C001FCCCC /* UserInfoView.swift in Sources */,
				B06A60232A5C086F00302DA3 /* n__demoDayApp.swift in Sources */,
				B06153BA2A5DEC3300C4ABAA /* CustomViews.swift in Sources */,
				B0E96BAE2A66EF7200A7F49B /* Validator.swift in Sources */,
				B06A60312A5C08FF00302DA3 /* LogInView.swift in Sources */,
				B0E96BAB2A66973300A7F49B /* MainViewModel.swift in Sources */,
				B092998D2A71C10F0030601B /* ForgotPasswordView.swift in Sources */,
				B0E96BA52A65E29A00A7F49B /* AccountSettingsView.swift in Sources */,
				B09299912A78C06E0030601B /* ExpandableView.swift in Sources */,
				B092998F2A7701CB0030601B /* Habit.swift in Sources */,
				B0E96BA92A65E30D00A7F49B /* TestHistorySettingsView.swift in Sources */,
				B06153BC2A5DFC4100C4ABAA /* SignInView.swift in Sources */,
				B0F21D0C2A6DCBE700C37B5A /* SystemColors.swift in Sources */,
				B0E96BA72A65E2B200A7F49B /* HabitSettingsView.swift in Sources */,
				B0F21D042A6D4CD800C37B5A /* UserDefaults.swift in Sources */,
				B06A60332A5C0A6900302DA3 /* LogInVIewModel.swift in Sources */,
				B0F21CF92A6D166600C37B5A /* DoctorModel.swift in Sources */,
				B092998B2A7104C20030601B /* View.swift in Sources */,
				B0F21CFD2A6D16C500C37B5A /* RecommendationModel.swift in Sources */,
				B0F21D062A6D54F300C37B5A /* TestConformationView.swift in Sources */,
				B0F21D0A2A6D987D00C37B5A /* RootView.swift in Sources */,
			);
			runOnlyForDeploymentPostprocessing = 0;
		};
/* End PBXSourcesBuildPhase section */

/* Begin XCBuildConfiguration section */
		B06A602B2A5C087000302DA3 /* Debug */ = {
			isa = XCBuildConfiguration;
			buildSettings = {
				ALWAYS_SEARCH_USER_PATHS = NO;
				CLANG_ANALYZER_NONNULL = YES;
				CLANG_ANALYZER_NUMBER_OBJECT_CONVERSION = YES_AGGRESSIVE;
				CLANG_CXX_LANGUAGE_STANDARD = "gnu++20";
				CLANG_ENABLE_MODULES = YES;
				CLANG_ENABLE_OBJC_ARC = YES;
				CLANG_ENABLE_OBJC_WEAK = YES;
				CLANG_WARN_BLOCK_CAPTURE_AUTORELEASING = YES;
				CLANG_WARN_BOOL_CONVERSION = YES;
				CLANG_WARN_COMMA = YES;
				CLANG_WARN_CONSTANT_CONVERSION = YES;
				CLANG_WARN_DEPRECATED_OBJC_IMPLEMENTATIONS = YES;
				CLANG_WARN_DIRECT_OBJC_ISA_USAGE = YES_ERROR;
				CLANG_WARN_DOCUMENTATION_COMMENTS = YES;
				CLANG_WARN_EMPTY_BODY = YES;
				CLANG_WARN_ENUM_CONVERSION = YES;
				CLANG_WARN_INFINITE_RECURSION = YES;
				CLANG_WARN_INT_CONVERSION = YES;
				CLANG_WARN_NON_LITERAL_NULL_CONVERSION = YES;
				CLANG_WARN_OBJC_IMPLICIT_RETAIN_SELF = YES;
				CLANG_WARN_OBJC_LITERAL_CONVERSION = YES;
				CLANG_WARN_OBJC_ROOT_CLASS = YES_ERROR;
				CLANG_WARN_QUOTED_INCLUDE_IN_FRAMEWORK_HEADER = YES;
				CLANG_WARN_RANGE_LOOP_ANALYSIS = YES;
				CLANG_WARN_STRICT_PROTOTYPES = YES;
				CLANG_WARN_SUSPICIOUS_MOVE = YES;
				CLANG_WARN_UNGUARDED_AVAILABILITY = YES_AGGRESSIVE;
				CLANG_WARN_UNREACHABLE_CODE = YES;
				CLANG_WARN__DUPLICATE_METHOD_MATCH = YES;
				COPY_PHASE_STRIP = NO;
				DEBUG_INFORMATION_FORMAT = dwarf;
				ENABLE_STRICT_OBJC_MSGSEND = YES;
				ENABLE_TESTABILITY = YES;
				GCC_C_LANGUAGE_STANDARD = gnu11;
				GCC_DYNAMIC_NO_PIC = NO;
				GCC_NO_COMMON_BLOCKS = YES;
				GCC_OPTIMIZATION_LEVEL = 0;
				GCC_PREPROCESSOR_DEFINITIONS = (
					"DEBUG=1",
					"$(inherited)",
				);
				GCC_WARN_64_TO_32_BIT_CONVERSION = YES;
				GCC_WARN_ABOUT_RETURN_TYPE = YES_ERROR;
				GCC_WARN_UNDECLARED_SELECTOR = YES;
				GCC_WARN_UNINITIALIZED_AUTOS = YES_AGGRESSIVE;
				GCC_WARN_UNUSED_FUNCTION = YES;
				GCC_WARN_UNUSED_VARIABLE = YES;
				IPHONEOS_DEPLOYMENT_TARGET = 16.4;
				MTL_ENABLE_DEBUG_INFO = INCLUDE_SOURCE;
				MTL_FAST_MATH = YES;
				ONLY_ACTIVE_ARCH = YES;
				SDKROOT = iphoneos;
				SWIFT_ACTIVE_COMPILATION_CONDITIONS = DEBUG;
				SWIFT_OPTIMIZATION_LEVEL = "-Onone";
			};
			name = Debug;
		};
		B06A602C2A5C087000302DA3 /* Release */ = {
			isa = XCBuildConfiguration;
			buildSettings = {
				ALWAYS_SEARCH_USER_PATHS = NO;
				CLANG_ANALYZER_NONNULL = YES;
				CLANG_ANALYZER_NUMBER_OBJECT_CONVERSION = YES_AGGRESSIVE;
				CLANG_CXX_LANGUAGE_STANDARD = "gnu++20";
				CLANG_ENABLE_MODULES = YES;
				CLANG_ENABLE_OBJC_ARC = YES;
				CLANG_ENABLE_OBJC_WEAK = YES;
				CLANG_WARN_BLOCK_CAPTURE_AUTORELEASING = YES;
				CLANG_WARN_BOOL_CONVERSION = YES;
				CLANG_WARN_COMMA = YES;
				CLANG_WARN_CONSTANT_CONVERSION = YES;
				CLANG_WARN_DEPRECATED_OBJC_IMPLEMENTATIONS = YES;
				CLANG_WARN_DIRECT_OBJC_ISA_USAGE = YES_ERROR;
				CLANG_WARN_DOCUMENTATION_COMMENTS = YES;
				CLANG_WARN_EMPTY_BODY = YES;
				CLANG_WARN_ENUM_CONVERSION = YES;
				CLANG_WARN_INFINITE_RECURSION = YES;
				CLANG_WARN_INT_CONVERSION = YES;
				CLANG_WARN_NON_LITERAL_NULL_CONVERSION = YES;
				CLANG_WARN_OBJC_IMPLICIT_RETAIN_SELF = YES;
				CLANG_WARN_OBJC_LITERAL_CONVERSION = YES;
				CLANG_WARN_OBJC_ROOT_CLASS = YES_ERROR;
				CLANG_WARN_QUOTED_INCLUDE_IN_FRAMEWORK_HEADER = YES;
				CLANG_WARN_RANGE_LOOP_ANALYSIS = YES;
				CLANG_WARN_STRICT_PROTOTYPES = YES;
				CLANG_WARN_SUSPICIOUS_MOVE = YES;
				CLANG_WARN_UNGUARDED_AVAILABILITY = YES_AGGRESSIVE;
				CLANG_WARN_UNREACHABLE_CODE = YES;
				CLANG_WARN__DUPLICATE_METHOD_MATCH = YES;
				COPY_PHASE_STRIP = NO;
				DEBUG_INFORMATION_FORMAT = "dwarf-with-dsym";
				ENABLE_NS_ASSERTIONS = NO;
				ENABLE_STRICT_OBJC_MSGSEND = YES;
				GCC_C_LANGUAGE_STANDARD = gnu11;
				GCC_NO_COMMON_BLOCKS = YES;
				GCC_WARN_64_TO_32_BIT_CONVERSION = YES;
				GCC_WARN_ABOUT_RETURN_TYPE = YES_ERROR;
				GCC_WARN_UNDECLARED_SELECTOR = YES;
				GCC_WARN_UNINITIALIZED_AUTOS = YES_AGGRESSIVE;
				GCC_WARN_UNUSED_FUNCTION = YES;
				GCC_WARN_UNUSED_VARIABLE = YES;
				IPHONEOS_DEPLOYMENT_TARGET = 16.4;
				MTL_ENABLE_DEBUG_INFO = NO;
				MTL_FAST_MATH = YES;
				SDKROOT = iphoneos;
				SWIFT_COMPILATION_MODE = wholemodule;
				SWIFT_OPTIMIZATION_LEVEL = "-O";
				VALIDATE_PRODUCT = YES;
			};
			name = Release;
		};
		B06A602E2A5C087000302DA3 /* Debug */ = {
			isa = XCBuildConfiguration;
			buildSettings = {
				ASSETCATALOG_COMPILER_APPICON_NAME = AppIcon;
				ASSETCATALOG_COMPILER_GLOBAL_ACCENT_COLOR_NAME = AccentColor;
				ASSETCATALOG_COMPILER_INCLUDE_ALL_APPICON_ASSETS = NO;
				CODE_SIGN_IDENTITY = "Apple Development";
				CODE_SIGN_STYLE = Automatic;
				CURRENT_PROJECT_VERSION = 1;
				DEVELOPMENT_ASSET_PATHS = "\"n!_demoDay/Preview Content\"";
				DEVELOPMENT_TEAM = UD7GN29598;
				ENABLE_PREVIEWS = YES;
				GENERATE_INFOPLIST_FILE = YES;
				INFOPLIST_KEY_CFBundleDisplayName = sau.bol;
				INFOPLIST_KEY_UIApplicationSceneManifest_Generation = YES;
				INFOPLIST_KEY_UIApplicationSupportsIndirectInputEvents = YES;
				INFOPLIST_KEY_UILaunchScreen_Generation = YES;
				INFOPLIST_KEY_UISupportedInterfaceOrientations = UIInterfaceOrientationPortrait;
				INFOPLIST_KEY_UIUserInterfaceStyle = Light;
				IPHONEOS_DEPLOYMENT_TARGET = 16.0;
				LD_RUNPATH_SEARCH_PATHS = (
					"$(inherited)",
					"@executable_path/Frameworks",
				);
				MARKETING_VERSION = 1.0.0;
				PRODUCT_BUNDLE_IDENTIFIER = com.aldiyaraitpayev.saubol;
				PRODUCT_NAME = "$(TARGET_NAME)";
				PROVISIONING_PROFILE_SPECIFIER = "";
				SUPPORTED_PLATFORMS = "iphoneos iphonesimulator";
				SUPPORTS_MACCATALYST = NO;
				SUPPORTS_MAC_DESIGNED_FOR_IPHONE_IPAD = NO;
				SWIFT_EMIT_LOC_STRINGS = YES;
				SWIFT_VERSION = 5.0;
				TARGETED_DEVICE_FAMILY = 1;
			};
			name = Debug;
		};
		B06A602F2A5C087000302DA3 /* Release */ = {
			isa = XCBuildConfiguration;
			buildSettings = {
				ASSETCATALOG_COMPILER_APPICON_NAME = AppIcon;
				ASSETCATALOG_COMPILER_GLOBAL_ACCENT_COLOR_NAME = AccentColor;
				ASSETCATALOG_COMPILER_INCLUDE_ALL_APPICON_ASSETS = NO;
				CODE_SIGN_IDENTITY = "Apple Development";
				CODE_SIGN_STYLE = Automatic;
				CURRENT_PROJECT_VERSION = 1;
				DEVELOPMENT_ASSET_PATHS = "\"n!_demoDay/Preview Content\"";
				DEVELOPMENT_TEAM = UD7GN29598;
				ENABLE_PREVIEWS = YES;
				GENERATE_INFOPLIST_FILE = YES;
				INFOPLIST_KEY_CFBundleDisplayName = sau.bol;
				INFOPLIST_KEY_UIApplicationSceneManifest_Generation = YES;
				INFOPLIST_KEY_UIApplicationSupportsIndirectInputEvents = YES;
				INFOPLIST_KEY_UILaunchScreen_Generation = YES;
				INFOPLIST_KEY_UISupportedInterfaceOrientations = UIInterfaceOrientationPortrait;
				INFOPLIST_KEY_UIUserInterfaceStyle = Light;
				IPHONEOS_DEPLOYMENT_TARGET = 16.0;
				LD_RUNPATH_SEARCH_PATHS = (
					"$(inherited)",
					"@executable_path/Frameworks",
				);
				MARKETING_VERSION = 1.0.0;
				PRODUCT_BUNDLE_IDENTIFIER = com.aldiyaraitpayev.saubol;
				PRODUCT_NAME = "$(TARGET_NAME)";
				PROVISIONING_PROFILE_SPECIFIER = "";
				SUPPORTED_PLATFORMS = "iphoneos iphonesimulator";
				SUPPORTS_MACCATALYST = NO;
				SUPPORTS_MAC_DESIGNED_FOR_IPHONE_IPAD = NO;
				SWIFT_EMIT_LOC_STRINGS = YES;
				SWIFT_VERSION = 5.0;
				TARGETED_DEVICE_FAMILY = 1;
			};
			name = Release;
		};
/* End XCBuildConfiguration section */

/* Begin XCConfigurationList section */
		B06A601A2A5C086F00302DA3 /* Build configuration list for PBXProject "n!_demoDay" */ = {
			isa = XCConfigurationList;
			buildConfigurations = (
				B06A602B2A5C087000302DA3 /* Debug */,
				B06A602C2A5C087000302DA3 /* Release */,
			);
			defaultConfigurationIsVisible = 0;
			defaultConfigurationName = Release;
		};
		B06A602D2A5C087000302DA3 /* Build configuration list for PBXNativeTarget "n!_demoDay" */ = {
			isa = XCConfigurationList;
			buildConfigurations = (
				B06A602E2A5C087000302DA3 /* Debug */,
				B06A602F2A5C087000302DA3 /* Release */,
			);
			defaultConfigurationIsVisible = 0;
			defaultConfigurationName = Release;
		};
/* End XCConfigurationList section */

/* Begin XCRemoteSwiftPackageReference section */
		B06153BF2A5F490200C4ABAA /* XCRemoteSwiftPackageReference "Moya" */ = {
			isa = XCRemoteSwiftPackageReference;
			repositoryURL = "https://github.com/Moya/Moya.git";
			requirement = {
				kind = upToNextMajorVersion;
				minimumVersion = 15.0.0;
			};
		};
		B06A603D2A5C48DB00302DA3 /* XCRemoteSwiftPackageReference "FSCalendar" */ = {
			isa = XCRemoteSwiftPackageReference;
			repositoryURL = "https://github.com/WenchaoD/FSCalendar.git";
			requirement = {
				kind = upToNextMajorVersion;
				minimumVersion = 2.0.0;
			};
		};
/* End XCRemoteSwiftPackageReference section */

/* Begin XCSwiftPackageProductDependency section */
		B06153C02A5F490200C4ABAA /* Moya */ = {
			isa = XCSwiftPackageProductDependency;
			package = B06153BF2A5F490200C4ABAA /* XCRemoteSwiftPackageReference "Moya" */;
			productName = Moya;
		};
		B06A603E2A5C48DB00302DA3 /* FSCalendar */ = {
			isa = XCSwiftPackageProductDependency;
			package = B06A603D2A5C48DB00302DA3 /* XCRemoteSwiftPackageReference "FSCalendar" */;
			productName = FSCalendar;
		};
/* End XCSwiftPackageProductDependency section */
	};
	rootObject = B06A60172A5C086F00302DA3 /* Project object */;
}
